// !$*UTF8*$!
{
	archiveVersion = 1;
	classes = {
	};
	objectVersion = 55;
	objects = {

/* Begin PBXBuildFile section */
		231FEC6B0290F3394DFA2709 /* Pods_habit.framework in Frameworks */ = {isa = PBXBuildFile; fileRef = FF60DC3AC4C4B8383E3B9C96 /* Pods_habit.framework */; };
		4D799047280A040300D5047F /* AppDelegate.swift in Sources */ = {isa = PBXBuildFile; fileRef = 4D799046280A040300D5047F /* AppDelegate.swift */; };
		4D799049280A040300D5047F /* SceneDelegate.swift in Sources */ = {isa = PBXBuildFile; fileRef = 4D799048280A040300D5047F /* SceneDelegate.swift */; };
		4D79904B280A040300D5047F /* SplashViewController.swift in Sources */ = {isa = PBXBuildFile; fileRef = 4D79904A280A040300D5047F /* SplashViewController.swift */; };
		4D79904E280A040300D5047F /* Main.storyboard in Resources */ = {isa = PBXBuildFile; fileRef = 4D79904C280A040300D5047F /* Main.storyboard */; };
		4D799050280A040400D5047F /* Assets.xcassets in Resources */ = {isa = PBXBuildFile; fileRef = 4D79904F280A040400D5047F /* Assets.xcassets */; };
		4DDE4E98280ADFAE00517C22 /* BaseViewController.swift in Sources */ = {isa = PBXBuildFile; fileRef = 4DDE4E97280ADFAE00517C22 /* BaseViewController.swift */; };
		4DDE4E9B280AE01700517C22 /* Util.swift in Sources */ = {isa = PBXBuildFile; fileRef = 4DDE4E9A280AE01700517C22 /* Util.swift */; };
		4DDE4E9E280AE09000517C22 /* ConnectionManager.swift in Sources */ = {isa = PBXBuildFile; fileRef = 4DDE4E9D280AE09000517C22 /* ConnectionManager.swift */; };
		4DDE4EA5280AE0BC00517C22 /* UIView.swift in Sources */ = {isa = PBXBuildFile; fileRef = 4DDE4E9F280AE0BC00517C22 /* UIView.swift */; };
		4DDE4EA6280AE0BC00517C22 /* CustomError.swift in Sources */ = {isa = PBXBuildFile; fileRef = 4DDE4EA0280AE0BC00517C22 /* CustomError.swift */; };
		4DDE4EA7280AE0BC00517C22 /* UITableViewCell.swift in Sources */ = {isa = PBXBuildFile; fileRef = 4DDE4EA1280AE0BC00517C22 /* UITableViewCell.swift */; };
		4DDE4EA8280AE0BC00517C22 /* UIApplication.swift in Sources */ = {isa = PBXBuildFile; fileRef = 4DDE4EA2280AE0BC00517C22 /* UIApplication.swift */; };
		4DDE4EA9280AE0BC00517C22 /* UIViewController.swift in Sources */ = {isa = PBXBuildFile; fileRef = 4DDE4EA3280AE0BC00517C22 /* UIViewController.swift */; };
		4DDE4EAA280AE0BC00517C22 /* UIImageView.swift in Sources */ = {isa = PBXBuildFile; fileRef = 4DDE4EA4280AE0BC00517C22 /* UIImageView.swift */; };
		4DDE4EAF280AE24B00517C22 /* APIConfiguration.swift in Sources */ = {isa = PBXBuildFile; fileRef = 4DDE4EAE280AE24B00517C22 /* APIConfiguration.swift */; };
		4DDE4EB1280AE25F00517C22 /* ApiClient.swift in Sources */ = {isa = PBXBuildFile; fileRef = 4DDE4EB0280AE25F00517C22 /* ApiClient.swift */; };
		4DDE4EB3280AE28D00517C22 /* ApiEndPoint.swift in Sources */ = {isa = PBXBuildFile; fileRef = 4DDE4EB2280AE28D00517C22 /* ApiEndPoint.swift */; };
		4DDE4EB5280AE40D00517C22 /* CategoryResponseModel.swift in Sources */ = {isa = PBXBuildFile; fileRef = 4DDE4EB4280AE40D00517C22 /* CategoryResponseModel.swift */; };
		4DDE4EB7280AE43600517C22 /* FavoriteAnimalResponseModel.swift in Sources */ = {isa = PBXBuildFile; fileRef = 4DDE4EB6280AE43600517C22 /* FavoriteAnimalResponseModel.swift */; };
		4DDE4EBF280AF81B00517C22 /* OnBoardViewController.swift in Sources */ = {isa = PBXBuildFile; fileRef = 4DDE4EBE280AF81B00517C22 /* OnBoardViewController.swift */; };
		4DDE4EC1280AFE2600517C22 /* SplashRouter.swift in Sources */ = {isa = PBXBuildFile; fileRef = 4DDE4EC0280AFE2600517C22 /* SplashRouter.swift */; };
		4DDE4EC3280B176C00517C22 /* OnboardingSlideModel.swift in Sources */ = {isa = PBXBuildFile; fileRef = 4DDE4EC2280B176C00517C22 /* OnboardingSlideModel.swift */; };
		4DDE4EC6280B19B300517C22 /* OnBoardCollectionViewCell.swift in Sources */ = {isa = PBXBuildFile; fileRef = 4DDE4EC5280B19B300517C22 /* OnBoardCollectionViewCell.swift */; };
		4DDE4EC8280B338900517C22 /* OnBoardCollectionView.swift in Sources */ = {isa = PBXBuildFile; fileRef = 4DDE4EC7280B338900517C22 /* OnBoardCollectionView.swift */; };
		4DDE4ECA280B5EA800517C22 /* OnBoardRouter.swift in Sources */ = {isa = PBXBuildFile; fileRef = 4DDE4EC9280B5EA800517C22 /* OnBoardRouter.swift */; };
		4DDE4ECD280B606F00517C22 /* HomePageViewController.swift in Sources */ = {isa = PBXBuildFile; fileRef = 4DDE4ECC280B606F00517C22 /* HomePageViewController.swift */; };
/* End PBXBuildFile section */

/* Begin PBXFileReference section */
		4D799043280A040300D5047F /* habit.app */ = {isa = PBXFileReference; explicitFileType = wrapper.application; includeInIndex = 0; path = habit.app; sourceTree = BUILT_PRODUCTS_DIR; };
		4D799046280A040300D5047F /* AppDelegate.swift */ = {isa = PBXFileReference; lastKnownFileType = sourcecode.swift; path = AppDelegate.swift; sourceTree = "<group>"; };
		4D799048280A040300D5047F /* SceneDelegate.swift */ = {isa = PBXFileReference; lastKnownFileType = sourcecode.swift; path = SceneDelegate.swift; sourceTree = "<group>"; };
		4D79904A280A040300D5047F /* SplashViewController.swift */ = {isa = PBXFileReference; lastKnownFileType = sourcecode.swift; path = SplashViewController.swift; sourceTree = "<group>"; };
		4D79904D280A040300D5047F /* Base */ = {isa = PBXFileReference; lastKnownFileType = file.storyboard; name = Base; path = Base.lproj/Main.storyboard; sourceTree = "<group>"; };
		4D79904F280A040400D5047F /* Assets.xcassets */ = {isa = PBXFileReference; lastKnownFileType = folder.assetcatalog; path = Assets.xcassets; sourceTree = "<group>"; };
		4D799054280A040400D5047F /* Info.plist */ = {isa = PBXFileReference; lastKnownFileType = text.plist.xml; path = Info.plist; sourceTree = "<group>"; };
		4DDE4E97280ADFAE00517C22 /* BaseViewController.swift */ = {isa = PBXFileReference; lastKnownFileType = sourcecode.swift; path = BaseViewController.swift; sourceTree = "<group>"; };
		4DDE4E9A280AE01700517C22 /* Util.swift */ = {isa = PBXFileReference; lastKnownFileType = sourcecode.swift; path = Util.swift; sourceTree = "<group>"; };
		4DDE4E9D280AE09000517C22 /* ConnectionManager.swift */ = {isa = PBXFileReference; fileEncoding = 4; lastKnownFileType = sourcecode.swift; path = ConnectionManager.swift; sourceTree = "<group>"; };
		4DDE4E9F280AE0BC00517C22 /* UIView.swift */ = {isa = PBXFileReference; fileEncoding = 4; lastKnownFileType = sourcecode.swift; path = UIView.swift; sourceTree = "<group>"; };
		4DDE4EA0280AE0BC00517C22 /* CustomError.swift */ = {isa = PBXFileReference; fileEncoding = 4; lastKnownFileType = sourcecode.swift; path = CustomError.swift; sourceTree = "<group>"; };
		4DDE4EA1280AE0BC00517C22 /* UITableViewCell.swift */ = {isa = PBXFileReference; fileEncoding = 4; lastKnownFileType = sourcecode.swift; path = UITableViewCell.swift; sourceTree = "<group>"; };
		4DDE4EA2280AE0BC00517C22 /* UIApplication.swift */ = {isa = PBXFileReference; fileEncoding = 4; lastKnownFileType = sourcecode.swift; path = UIApplication.swift; sourceTree = "<group>"; };
		4DDE4EA3280AE0BC00517C22 /* UIViewController.swift */ = {isa = PBXFileReference; fileEncoding = 4; lastKnownFileType = sourcecode.swift; path = UIViewController.swift; sourceTree = "<group>"; };
		4DDE4EA4280AE0BC00517C22 /* UIImageView.swift */ = {isa = PBXFileReference; fileEncoding = 4; lastKnownFileType = sourcecode.swift; path = UIImageView.swift; sourceTree = "<group>"; };
		4DDE4EAE280AE24B00517C22 /* APIConfiguration.swift */ = {isa = PBXFileReference; lastKnownFileType = sourcecode.swift; path = APIConfiguration.swift; sourceTree = "<group>"; };
		4DDE4EB0280AE25F00517C22 /* ApiClient.swift */ = {isa = PBXFileReference; lastKnownFileType = sourcecode.swift; path = ApiClient.swift; sourceTree = "<group>"; };
		4DDE4EB2280AE28D00517C22 /* ApiEndPoint.swift */ = {isa = PBXFileReference; lastKnownFileType = sourcecode.swift; path = ApiEndPoint.swift; sourceTree = "<group>"; };
		4DDE4EB4280AE40D00517C22 /* CategoryResponseModel.swift */ = {isa = PBXFileReference; lastKnownFileType = sourcecode.swift; path = CategoryResponseModel.swift; sourceTree = "<group>"; };
		4DDE4EB6280AE43600517C22 /* FavoriteAnimalResponseModel.swift */ = {isa = PBXFileReference; lastKnownFileType = sourcecode.swift; path = FavoriteAnimalResponseModel.swift; sourceTree = "<group>"; };
		4DDE4EBE280AF81B00517C22 /* OnBoardViewController.swift */ = {isa = PBXFileReference; lastKnownFileType = sourcecode.swift; path = OnBoardViewController.swift; sourceTree = "<group>"; };
		4DDE4EC0280AFE2600517C22 /* SplashRouter.swift */ = {isa = PBXFileReference; lastKnownFileType = sourcecode.swift; path = SplashRouter.swift; sourceTree = "<group>"; };
		4DDE4EC2280B176C00517C22 /* OnboardingSlideModel.swift */ = {isa = PBXFileReference; lastKnownFileType = sourcecode.swift; path = OnboardingSlideModel.swift; sourceTree = "<group>"; };
		4DDE4EC5280B19B300517C22 /* OnBoardCollectionViewCell.swift */ = {isa = PBXFileReference; lastKnownFileType = sourcecode.swift; path = OnBoardCollectionViewCell.swift; sourceTree = "<group>"; };
		4DDE4EC7280B338900517C22 /* OnBoardCollectionView.swift */ = {isa = PBXFileReference; lastKnownFileType = sourcecode.swift; path = OnBoardCollectionView.swift; sourceTree = "<group>"; };
		4DDE4EC9280B5EA800517C22 /* OnBoardRouter.swift */ = {isa = PBXFileReference; lastKnownFileType = sourcecode.swift; path = OnBoardRouter.swift; sourceTree = "<group>"; };
		4DDE4ECC280B606F00517C22 /* HomePageViewController.swift */ = {isa = PBXFileReference; lastKnownFileType = sourcecode.swift; path = HomePageViewController.swift; sourceTree = "<group>"; };
		6FFEF3B4A934A0A0259A9871 /* Pods-habit.debug.xcconfig */ = {isa = PBXFileReference; includeInIndex = 1; lastKnownFileType = text.xcconfig; name = "Pods-habit.debug.xcconfig"; path = "Target Support Files/Pods-habit/Pods-habit.debug.xcconfig"; sourceTree = "<group>"; };
		F33A73E651BD0160579E49A0 /* Pods-habit.release.xcconfig */ = {isa = PBXFileReference; includeInIndex = 1; lastKnownFileType = text.xcconfig; name = "Pods-habit.release.xcconfig"; path = "Target Support Files/Pods-habit/Pods-habit.release.xcconfig"; sourceTree = "<group>"; };
		FF60DC3AC4C4B8383E3B9C96 /* Pods_habit.framework */ = {isa = PBXFileReference; explicitFileType = wrapper.framework; includeInIndex = 0; path = Pods_habit.framework; sourceTree = BUILT_PRODUCTS_DIR; };
/* End PBXFileReference section */

/* Begin PBXFrameworksBuildPhase section */
		4D799040280A040300D5047F /* Frameworks */ = {
			isa = PBXFrameworksBuildPhase;
			buildActionMask = 2147483647;
			files = (
				231FEC6B0290F3394DFA2709 /* Pods_habit.framework in Frameworks */,
			);
			runOnlyForDeploymentPostprocessing = 0;
		};
/* End PBXFrameworksBuildPhase section */

/* Begin PBXGroup section */
		4D79903A280A040300D5047F = {
			isa = PBXGroup;
			children = (
				4D799045280A040300D5047F /* habit */,
				4D799044280A040300D5047F /* Products */,
				54664004376CFD94C482799F /* Pods */,
				9C4B5605D267D8EA2642455C /* Frameworks */,
			);
			sourceTree = "<group>";
		};
		4D799044280A040300D5047F /* Products */ = {
			isa = PBXGroup;
			children = (
				4D799043280A040300D5047F /* habit.app */,
			);
			name = Products;
			sourceTree = "<group>";
		};
		4D799045280A040300D5047F /* habit */ = {
			isa = PBXGroup;
			children = (
				4DDE4EAB280AE18E00517C22 /* Data */,
				4DDE4E99280ADFFF00517C22 /* Utils */,
				4DE31C6F280A15DF00C71CE3 /* View */,
				4DE31C6E280A15B200C71CE3 /* Core */,
				4D799054280A040400D5047F /* Info.plist */,
			);
			path = habit;
			sourceTree = "<group>";
		};
		4DDE4E99280ADFFF00517C22 /* Utils */ = {
			isa = PBXGroup;
			children = (
				4DDE4E9C280AE01C00517C22 /* Extensions */,
				4DDE4E9A280AE01700517C22 /* Util.swift */,
				4DDE4E9D280AE09000517C22 /* ConnectionManager.swift */,
			);
			path = Utils;
			sourceTree = "<group>";
		};
		4DDE4E9C280AE01C00517C22 /* Extensions */ = {
			isa = PBXGroup;
			children = (
				4DDE4EA0280AE0BC00517C22 /* CustomError.swift */,
				4DDE4EA2280AE0BC00517C22 /* UIApplication.swift */,
				4DDE4EA4280AE0BC00517C22 /* UIImageView.swift */,
				4DDE4EA1280AE0BC00517C22 /* UITableViewCell.swift */,
				4DDE4E9F280AE0BC00517C22 /* UIView.swift */,
				4DDE4EA3280AE0BC00517C22 /* UIViewController.swift */,
			);
			path = Extensions;
			sourceTree = "<group>";
		};
		4DDE4EAB280AE18E00517C22 /* Data */ = {
			isa = PBXGroup;
			children = (
				4DDE4EAD280AE19B00517C22 /* Model */,
				4DDE4EAC280AE19500517C22 /* Api */,
			);
			path = Data;
			sourceTree = "<group>";
		};
		4DDE4EAC280AE19500517C22 /* Api */ = {
			isa = PBXGroup;
			children = (
				4DDE4EAE280AE24B00517C22 /* APIConfiguration.swift */,
				4DDE4EB0280AE25F00517C22 /* ApiClient.swift */,
				4DDE4EB2280AE28D00517C22 /* ApiEndPoint.swift */,
			);
			path = Api;
			sourceTree = "<group>";
		};
		4DDE4EAD280AE19B00517C22 /* Model */ = {
			isa = PBXGroup;
			children = (
				4DDE4EB4280AE40D00517C22 /* CategoryResponseModel.swift */,
				4DDE4EB6280AE43600517C22 /* FavoriteAnimalResponseModel.swift */,
				4DDE4EC2280B176C00517C22 /* OnboardingSlideModel.swift */,
			);
			path = Model;
			sourceTree = "<group>";
		};
		4DDE4EBD280AF7FE00517C22 /* OnBoard */ = {
			isa = PBXGroup;
			children = (
				4DDE4EC4280B198F00517C22 /* SubView */,
				4DDE4EBE280AF81B00517C22 /* OnBoardViewController.swift */,
				4DDE4EC9280B5EA800517C22 /* OnBoardRouter.swift */,
			);
			path = OnBoard;
			sourceTree = "<group>";
		};
		4DDE4EC4280B198F00517C22 /* SubView */ = {
			isa = PBXGroup;
			children = (
				4DDE4EC5280B19B300517C22 /* OnBoardCollectionViewCell.swift */,
				4DDE4EC7280B338900517C22 /* OnBoardCollectionView.swift */,
			);
			path = SubView;
			sourceTree = "<group>";
		};
		4DDE4ECB280B605A00517C22 /* HomePage */ = {
			isa = PBXGroup;
			children = (
				4DDE4ECC280B606F00517C22 /* HomePageViewController.swift */,
			);
			path = HomePage;
			sourceTree = "<group>";
		};
		4DE31C6E280A15B200C71CE3 /* Core */ = {
			isa = PBXGroup;
			children = (
				4D79904C280A040300D5047F /* Main.storyboard */,
				4D79904F280A040400D5047F /* Assets.xcassets */,
				4D799046280A040300D5047F /* AppDelegate.swift */,
				4D799048280A040300D5047F /* SceneDelegate.swift */,
				4DDE4E97280ADFAE00517C22 /* BaseViewController.swift */,
			);
			path = Core;
			sourceTree = "<group>";
		};
		4DE31C6F280A15DF00C71CE3 /* View */ = {
			isa = PBXGroup;
			children = (
				4DDE4ECB280B605A00517C22 /* HomePage */,
				4DDE4EBD280AF7FE00517C22 /* OnBoard */,
				4DE31C70280A15ED00C71CE3 /* Splash */,
			);
			path = View;
			sourceTree = "<group>";
		};
		4DE31C70280A15ED00C71CE3 /* Splash */ = {
			isa = PBXGroup;
			children = (
				4D79904A280A040300D5047F /* SplashViewController.swift */,
				4DDE4EC0280AFE2600517C22 /* SplashRouter.swift */,
			);
			path = Splash;
			sourceTree = "<group>";
		};
		54664004376CFD94C482799F /* Pods */ = {
			isa = PBXGroup;
			children = (
				6FFEF3B4A934A0A0259A9871 /* Pods-habit.debug.xcconfig */,
				F33A73E651BD0160579E49A0 /* Pods-habit.release.xcconfig */,
			);
			path = Pods;
			sourceTree = "<group>";
		};
		9C4B5605D267D8EA2642455C /* Frameworks */ = {
			isa = PBXGroup;
			children = (
				FF60DC3AC4C4B8383E3B9C96 /* Pods_habit.framework */,
			);
			name = Frameworks;
			sourceTree = "<group>";
		};
/* End PBXGroup section */

/* Begin PBXNativeTarget section */
		4D799042280A040300D5047F /* habit */ = {
			isa = PBXNativeTarget;
			buildConfigurationList = 4D799057280A040400D5047F /* Build configuration list for PBXNativeTarget "habit" */;
			buildPhases = (
				28BDC1E8B8E4351419FF1DFB /* [CP] Check Pods Manifest.lock */,
				4D79903F280A040300D5047F /* Sources */,
				4D799040280A040300D5047F /* Frameworks */,
				4D799041280A040300D5047F /* Resources */,
				FF00CEB08D5A3075D7EB739C /* [CP] Embed Pods Frameworks */,
			);
			buildRules = (
			);
			dependencies = (
			);
			name = habit;
			productName = habit;
			productReference = 4D799043280A040300D5047F /* habit.app */;
			productType = "com.apple.product-type.application";
		};
/* End PBXNativeTarget section */

/* Begin PBXProject section */
		4D79903B280A040300D5047F /* Project object */ = {
			isa = PBXProject;
			attributes = {
				BuildIndependentTargetsInParallel = 1;
				LastSwiftUpdateCheck = 1320;
				LastUpgradeCheck = 1320;
				TargetAttributes = {
					4D799042280A040300D5047F = {
						CreatedOnToolsVersion = 13.2.1;
					};
				};
			};
			buildConfigurationList = 4D79903E280A040300D5047F /* Build configuration list for PBXProject "habit" */;
			compatibilityVersion = "Xcode 13.0";
			developmentRegion = en;
			hasScannedForEncodings = 0;
			knownRegions = (
				en,
				Base,
			);
			mainGroup = 4D79903A280A040300D5047F;
			productRefGroup = 4D799044280A040300D5047F /* Products */;
			projectDirPath = "";
			projectRoot = "";
			targets = (
				4D799042280A040300D5047F /* habit */,
			);
		};
/* End PBXProject section */

/* Begin PBXResourcesBuildPhase section */
		4D799041280A040300D5047F /* Resources */ = {
			isa = PBXResourcesBuildPhase;
			buildActionMask = 2147483647;
			files = (
				4D799050280A040400D5047F /* Assets.xcassets in Resources */,
				4D79904E280A040300D5047F /* Main.storyboard in Resources */,
			);
			runOnlyForDeploymentPostprocessing = 0;
		};
/* End PBXResourcesBuildPhase section */

/* Begin PBXShellScriptBuildPhase section */
		28BDC1E8B8E4351419FF1DFB /* [CP] Check Pods Manifest.lock */ = {
			isa = PBXShellScriptBuildPhase;
			buildActionMask = 2147483647;
			files = (
			);
			inputFileListPaths = (
			);
			inputPaths = (
				"${PODS_PODFILE_DIR_PATH}/Podfile.lock",
				"${PODS_ROOT}/Manifest.lock",
			);
			name = "[CP] Check Pods Manifest.lock";
			outputFileListPaths = (
			);
			outputPaths = (
				"$(DERIVED_FILE_DIR)/Pods-habit-checkManifestLockResult.txt",
			);
			runOnlyForDeploymentPostprocessing = 0;
			shellPath = /bin/sh;
			shellScript = "diff \"${PODS_PODFILE_DIR_PATH}/Podfile.lock\" \"${PODS_ROOT}/Manifest.lock\" > /dev/null\nif [ $? != 0 ] ; then\n    # print error to STDERR\n    echo \"error: The sandbox is not in sync with the Podfile.lock. Run 'pod install' or update your CocoaPods installation.\" >&2\n    exit 1\nfi\n# This output is used by Xcode 'outputs' to avoid re-running this script phase.\necho \"SUCCESS\" > \"${SCRIPT_OUTPUT_FILE_0}\"\n";
			showEnvVarsInLog = 0;
		};
		FF00CEB08D5A3075D7EB739C /* [CP] Embed Pods Frameworks */ = {
			isa = PBXShellScriptBuildPhase;
			buildActionMask = 2147483647;
			files = (
			);
			inputFileListPaths = (
				"${PODS_ROOT}/Target Support Files/Pods-habit/Pods-habit-frameworks-${CONFIGURATION}-input-files.xcfilelist",
			);
			name = "[CP] Embed Pods Frameworks";
			outputFileListPaths = (
				"${PODS_ROOT}/Target Support Files/Pods-habit/Pods-habit-frameworks-${CONFIGURATION}-output-files.xcfilelist",
			);
			runOnlyForDeploymentPostprocessing = 0;
			shellPath = /bin/sh;
			shellScript = "\"${PODS_ROOT}/Target Support Files/Pods-habit/Pods-habit-frameworks.sh\"\n";
			showEnvVarsInLog = 0;
		};
/* End PBXShellScriptBuildPhase section */

/* Begin PBXSourcesBuildPhase section */
		4D79903F280A040300D5047F /* Sources */ = {
			isa = PBXSourcesBuildPhase;
			buildActionMask = 2147483647;
			files = (
				4DDE4ECA280B5EA800517C22 /* OnBoardRouter.swift in Sources */,
				4DDE4EA7280AE0BC00517C22 /* UITableViewCell.swift in Sources */,
				4D79904B280A040300D5047F /* SplashViewController.swift in Sources */,
				4DDE4EA6280AE0BC00517C22 /* CustomError.swift in Sources */,
				4DDE4EC1280AFE2600517C22 /* SplashRouter.swift in Sources */,
				4DDE4EA9280AE0BC00517C22 /* UIViewController.swift in Sources */,
				4DDE4EC6280B19B300517C22 /* OnBoardCollectionViewCell.swift in Sources */,
				4DDE4EB5280AE40D00517C22 /* CategoryResponseModel.swift in Sources */,
				4DDE4EC3280B176C00517C22 /* OnboardingSlideModel.swift in Sources */,
				4DDE4EAA280AE0BC00517C22 /* UIImageView.swift in Sources */,
				4DDE4EB3280AE28D00517C22 /* ApiEndPoint.swift in Sources */,
				4DDE4E9E280AE09000517C22 /* ConnectionManager.swift in Sources */,
				4DDE4E98280ADFAE00517C22 /* BaseViewController.swift in Sources */,
				4DDE4EC8280B338900517C22 /* OnBoardCollectionView.swift in Sources */,
				4DDE4EB1280AE25F00517C22 /* ApiClient.swift in Sources */,
				4DDE4EB7280AE43600517C22 /* FavoriteAnimalResponseModel.swift in Sources */,
				4DDE4EA5280AE0BC00517C22 /* UIView.swift in Sources */,
				4DDE4EBF280AF81B00517C22 /* OnBoardViewController.swift in Sources */,
				4DDE4E9B280AE01700517C22 /* Util.swift in Sources */,
				4DDE4EAF280AE24B00517C22 /* APIConfiguration.swift in Sources */,
				4DDE4ECD280B606F00517C22 /* HomePageViewController.swift in Sources */,
				4D799047280A040300D5047F /* AppDelegate.swift in Sources */,
				4DDE4EA8280AE0BC00517C22 /* UIApplication.swift in Sources */,
				4D799049280A040300D5047F /* SceneDelegate.swift in Sources */,
			);
			runOnlyForDeploymentPostprocessing = 0;
		};
/* End PBXSourcesBuildPhase section */

/* Begin PBXVariantGroup section */
		4D79904C280A040300D5047F /* Main.storyboard */ = {
			isa = PBXVariantGroup;
			children = (
				4D79904D280A040300D5047F /* Base */,
			);
			name = Main.storyboard;
			sourceTree = "<group>";
		};
/* End PBXVariantGroup section */

/* Begin XCBuildConfiguration section */
		4D799055280A040400D5047F /* Debug */ = {
			isa = XCBuildConfiguration;
			buildSettings = {
				ALWAYS_SEARCH_USER_PATHS = NO;
				CLANG_ANALYZER_NONNULL = YES;
				CLANG_ANALYZER_NUMBER_OBJECT_CONVERSION = YES_AGGRESSIVE;
				CLANG_CXX_LANGUAGE_STANDARD = "gnu++17";
				CLANG_CXX_LIBRARY = "libc++";
				CLANG_ENABLE_MODULES = YES;
				CLANG_ENABLE_OBJC_ARC = YES;
				CLANG_ENABLE_OBJC_WEAK = YES;
				CLANG_WARN_BLOCK_CAPTURE_AUTORELEASING = YES;
				CLANG_WARN_BOOL_CONVERSION = YES;
				CLANG_WARN_COMMA = YES;
				CLANG_WARN_CONSTANT_CONVERSION = YES;
				CLANG_WARN_DEPRECATED_OBJC_IMPLEMENTATIONS = YES;
				CLANG_WARN_DIRECT_OBJC_ISA_USAGE = YES_ERROR;
				CLANG_WARN_DOCUMENTATION_COMMENTS = YES;
				CLANG_WARN_EMPTY_BODY = YES;
				CLANG_WARN_ENUM_CONVERSION = YES;
				CLANG_WARN_INFINITE_RECURSION = YES;
				CLANG_WARN_INT_CONVERSION = YES;
				CLANG_WARN_NON_LITERAL_NULL_CONVERSION = YES;
				CLANG_WARN_OBJC_IMPLICIT_RETAIN_SELF = YES;
				CLANG_WARN_OBJC_LITERAL_CONVERSION = YES;
				CLANG_WARN_OBJC_ROOT_CLASS = YES_ERROR;
				CLANG_WARN_QUOTED_INCLUDE_IN_FRAMEWORK_HEADER = YES;
				CLANG_WARN_RANGE_LOOP_ANALYSIS = YES;
				CLANG_WARN_STRICT_PROTOTYPES = YES;
				CLANG_WARN_SUSPICIOUS_MOVE = YES;
				CLANG_WARN_UNGUARDED_AVAILABILITY = YES_AGGRESSIVE;
				CLANG_WARN_UNREACHABLE_CODE = YES;
				CLANG_WARN__DUPLICATE_METHOD_MATCH = YES;
				COPY_PHASE_STRIP = NO;
				DEBUG_INFORMATION_FORMAT = dwarf;
				ENABLE_STRICT_OBJC_MSGSEND = YES;
				ENABLE_TESTABILITY = YES;
				GCC_C_LANGUAGE_STANDARD = gnu11;
				GCC_DYNAMIC_NO_PIC = NO;
				GCC_NO_COMMON_BLOCKS = YES;
				GCC_OPTIMIZATION_LEVEL = 0;
				GCC_PREPROCESSOR_DEFINITIONS = (
					"DEBUG=1",
					"$(inherited)",
				);
				GCC_WARN_64_TO_32_BIT_CONVERSION = YES;
				GCC_WARN_ABOUT_RETURN_TYPE = YES_ERROR;
				GCC_WARN_UNDECLARED_SELECTOR = YES;
				GCC_WARN_UNINITIALIZED_AUTOS = YES_AGGRESSIVE;
				GCC_WARN_UNUSED_FUNCTION = YES;
				GCC_WARN_UNUSED_VARIABLE = YES;
				IPHONEOS_DEPLOYMENT_TARGET = 15.2;
				MTL_ENABLE_DEBUG_INFO = INCLUDE_SOURCE;
				MTL_FAST_MATH = YES;
				ONLY_ACTIVE_ARCH = YES;
				SDKROOT = iphoneos;
				SWIFT_ACTIVE_COMPILATION_CONDITIONS = DEBUG;
				SWIFT_OPTIMIZATION_LEVEL = "-Onone";
			};
			name = Debug;
		};
		4D799056280A040400D5047F /* Release */ = {
			isa = XCBuildConfiguration;
			buildSettings = {
				ALWAYS_SEARCH_USER_PATHS = NO;
				CLANG_ANALYZER_NONNULL = YES;
				CLANG_ANALYZER_NUMBER_OBJECT_CONVERSION = YES_AGGRESSIVE;
				CLANG_CXX_LANGUAGE_STANDARD = "gnu++17";
				CLANG_CXX_LIBRARY = "libc++";
				CLANG_ENABLE_MODULES = YES;
				CLANG_ENABLE_OBJC_ARC = YES;
				CLANG_ENABLE_OBJC_WEAK = YES;
				CLANG_WARN_BLOCK_CAPTURE_AUTORELEASING = YES;
				CLANG_WARN_BOOL_CONVERSION = YES;
				CLANG_WARN_COMMA = YES;
				CLANG_WARN_CONSTANT_CONVERSION = YES;
				CLANG_WARN_DEPRECATED_OBJC_IMPLEMENTATIONS = YES;
				CLANG_WARN_DIRECT_OBJC_ISA_USAGE = YES_ERROR;
				CLANG_WARN_DOCUMENTATION_COMMENTS = YES;
				CLANG_WARN_EMPTY_BODY = YES;
				CLANG_WARN_ENUM_CONVERSION = YES;
				CLANG_WARN_INFINITE_RECURSION = YES;
				CLANG_WARN_INT_CONVERSION = YES;
				CLANG_WARN_NON_LITERAL_NULL_CONVERSION = YES;
				CLANG_WARN_OBJC_IMPLICIT_RETAIN_SELF = YES;
				CLANG_WARN_OBJC_LITERAL_CONVERSION = YES;
				CLANG_WARN_OBJC_ROOT_CLASS = YES_ERROR;
				CLANG_WARN_QUOTED_INCLUDE_IN_FRAMEWORK_HEADER = YES;
				CLANG_WARN_RANGE_LOOP_ANALYSIS = YES;
				CLANG_WARN_STRICT_PROTOTYPES = YES;
				CLANG_WARN_SUSPICIOUS_MOVE = YES;
				CLANG_WARN_UNGUARDED_AVAILABILITY = YES_AGGRESSIVE;
				CLANG_WARN_UNREACHABLE_CODE = YES;
				CLANG_WARN__DUPLICATE_METHOD_MATCH = YES;
				COPY_PHASE_STRIP = NO;
				DEBUG_INFORMATION_FORMAT = "dwarf-with-dsym";
				ENABLE_NS_ASSERTIONS = NO;
				ENABLE_STRICT_OBJC_MSGSEND = YES;
				GCC_C_LANGUAGE_STANDARD = gnu11;
				GCC_NO_COMMON_BLOCKS = YES;
				GCC_WARN_64_TO_32_BIT_CONVERSION = YES;
				GCC_WARN_ABOUT_RETURN_TYPE = YES_ERROR;
				GCC_WARN_UNDECLARED_SELECTOR = YES;
				GCC_WARN_UNINITIALIZED_AUTOS = YES_AGGRESSIVE;
				GCC_WARN_UNUSED_FUNCTION = YES;
				GCC_WARN_UNUSED_VARIABLE = YES;
				IPHONEOS_DEPLOYMENT_TARGET = 15.2;
				MTL_ENABLE_DEBUG_INFO = NO;
				MTL_FAST_MATH = YES;
				SDKROOT = iphoneos;
				SWIFT_COMPILATION_MODE = wholemodule;
				SWIFT_OPTIMIZATION_LEVEL = "-O";
				VALIDATE_PRODUCT = YES;
			};
			name = Release;
		};
		4D799058280A040400D5047F /* Debug */ = {
			isa = XCBuildConfiguration;
			baseConfigurationReference = 6FFEF3B4A934A0A0259A9871 /* Pods-habit.debug.xcconfig */;
			buildSettings = {
				ASSETCATALOG_COMPILER_APPICON_NAME = AppIcon;
				ASSETCATALOG_COMPILER_GLOBAL_ACCENT_COLOR_NAME = AccentColor;
				CODE_SIGN_STYLE = Automatic;
				CURRENT_PROJECT_VERSION = 1;
				DEVELOPMENT_TEAM = 4TJK89A752;
				GENERATE_INFOPLIST_FILE = YES;
				INFOPLIST_FILE = habit/Info.plist;
				INFOPLIST_KEY_UIApplicationSupportsIndirectInputEvents = YES;
				INFOPLIST_KEY_UILaunchStoryboardName = Main;
				INFOPLIST_KEY_UIMainStoryboardFile = Main;
				INFOPLIST_KEY_UISupportedInterfaceOrientations_iPad = "UIInterfaceOrientationPortrait UIInterfaceOrientationPortraitUpsideDown UIInterfaceOrientationLandscapeLeft UIInterfaceOrientationLandscapeRight";
				INFOPLIST_KEY_UISupportedInterfaceOrientations_iPhone = "UIInterfaceOrientationPortrait UIInterfaceOrientationLandscapeLeft UIInterfaceOrientationLandscapeRight";
				LD_RUNPATH_SEARCH_PATHS = (
					"$(inherited)",
					"@executable_path/Frameworks",
				);
				MARKETING_VERSION = 1.0;
				PRODUCT_BUNDLE_IDENTIFIER = com.ios.habit;
				PRODUCT_NAME = "$(TARGET_NAME)";
				SWIFT_EMIT_LOC_STRINGS = YES;
				SWIFT_VERSION = 5.0;
				TARGETED_DEVICE_FAMILY = "1,2";
			};
			name = Debug;
		};
		4D799059280A040400D5047F /* Release */ = {
			isa = XCBuildConfiguration;
			baseConfigurationReference = F33A73E651BD0160579E49A0 /* Pods-habit.release.xcconfig */;
			buildSettings = {
				ASSETCATALOG_COMPILER_APPICON_NAME = AppIcon;
				ASSETCATALOG_COMPILER_GLOBAL_ACCENT_COLOR_NAME = AccentColor;
				CODE_SIGN_STYLE = Automatic;
				CURRENT_PROJECT_VERSION = 1;
				DEVELOPMENT_TEAM = 4TJK89A752;
				GENERATE_INFOPLIST_FILE = YES;
				INFOPLIST_FILE = habit/Info.plist;
				INFOPLIST_KEY_UIApplicationSupportsIndirectInputEvents = YES;
				INFOPLIST_KEY_UILaunchStoryboardName = Main;
				INFOPLIST_KEY_UIMainStoryboardFile = Main;
				INFOPLIST_KEY_UISupportedInterfaceOrientations_iPad = "UIInterfaceOrientationPortrait UIInterfaceOrientationPortraitUpsideDown UIInterfaceOrientationLandscapeLeft UIInterfaceOrientationLandscapeRight";
				INFOPLIST_KEY_UISupportedInterfaceOrientations_iPhone = "UIInterfaceOrientationPortrait UIInterfaceOrientationLandscapeLeft UIInterfaceOrientationLandscapeRight";
				LD_RUNPATH_SEARCH_PATHS = (
					"$(inherited)",
					"@executable_path/Frameworks",
				);
				MARKETING_VERSION = 1.0;
				PRODUCT_BUNDLE_IDENTIFIER = com.ios.habit;
				PRODUCT_NAME = "$(TARGET_NAME)";
				SWIFT_EMIT_LOC_STRINGS = YES;
				SWIFT_VERSION = 5.0;
				TARGETED_DEVICE_FAMILY = "1,2";
			};
			name = Release;
		};
/* End XCBuildConfiguration section */

/* Begin XCConfigurationList section */
		4D79903E280A040300D5047F /* Build configuration list for PBXProject "habit" */ = {
			isa = XCConfigurationList;
			buildConfigurations = (
				4D799055280A040400D5047F /* Debug */,
				4D799056280A040400D5047F /* Release */,
			);
			defaultConfigurationIsVisible = 0;
			defaultConfigurationName = Release;
		};
		4D799057280A040400D5047F /* Build configuration list for PBXNativeTarget "habit" */ = {
			isa = XCConfigurationList;
			buildConfigurations = (
				4D799058280A040400D5047F /* Debug */,
				4D799059280A040400D5047F /* Release */,
			);
			defaultConfigurationIsVisible = 0;
			defaultConfigurationName = Release;
		};
/* End XCConfigurationList section */
	};
	rootObject = 4D79903B280A040300D5047F /* Project object */;
}
